
Microsoft Visual Studio Solution File, Format Version 12.00
# Visual Studio Version 17
VisualStudioVersion = 17.8.34316.72
MinimumVisualStudioVersion = 10.0.40219.1
Project("{FAE04EC0-301F-11D3-BF4B-00C04F79EFBC}") = "DataGridView_Shelkynov", "DataGridView_Shelkynov.csproj", "{AE84FCE7-E17F-4EFE-8FB8-62FB556D8025}"
EndProject
Project("{FAE04EC0-301F-11D3-BF4B-00C04F79EFBC}") = "DataGridViewShelkynov.Contracts", "DataGridViewShelkynov.Contracts\DataGridViewShelkynov.Contracts.csproj", "{CE46D236-81E4-49E8-962F-E8CE472D4F52}"
EndProject
Project("{FAE04EC0-301F-11D3-BF4B-00C04F79EFBC}") = "DtaGridViewShelkynov.StoreMemory", "DtaGridViewShelkynov.StoreMemory\DtaGridViewShelkynov.StoreMemory.csproj", "{BF964342-3058-45C9-9641-6CCC57F0AFDA}"
EndProject
Project("{FAE04EC0-301F-11D3-BF4B-00C04F79EFBC}") = "DataGridViewShelkynov.PersonManager", "DataGridViewShelkynov.PersonManager\DataGridViewShelkynov.PersonManager.csproj", "{768873A8-E888-4261-A6BF-D84AF7986CFB}"
EndProject
Global
	GlobalSection(SolutionConfigurationPlatforms) = preSolution
		Debug|Any CPU = Debug|Any CPU
		Release|Any CPU = Release|Any CPU
	EndGlobalSection
	GlobalSection(ProjectConfigurationPlatforms) = postSolution
		{AE84FCE7-E17F-4EFE-8FB8-62FB556D8025}.Debug|Any CPU.ActiveCfg = Debug|Any CPU
		{AE84FCE7-E17F-4EFE-8FB8-62FB556D8025}.Debug|Any CPU.Build.0 = Debug|Any CPU
		{AE84FCE7-E17F-4EFE-8FB8-62FB556D8025}.Release|Any CPU.ActiveCfg = Release|Any CPU
		{AE84FCE7-E17F-4EFE-8FB8-62FB556D8025}.Release|Any CPU.Build.0 = Release|Any CPU
		{CE46D236-81E4-49E8-962F-E8CE472D4F52}.Debug|Any CPU.ActiveCfg = Debug|Any CPU
		{CE46D236-81E4-49E8-962F-E8CE472D4F52}.Debug|Any CPU.Build.0 = Debug|Any CPU
		{CE46D236-81E4-49E8-962F-E8CE472D4F52}.Release|Any CPU.ActiveCfg = Release|Any CPU
		{CE46D236-81E4-49E8-962F-E8CE472D4F52}.Release|Any CPU.Build.0 = Release|Any CPU
		{BF964342-3058-45C9-9641-6CCC57F0AFDA}.Debug|Any CPU.ActiveCfg = Debug|Any CPU
		{BF964342-3058-45C9-9641-6CCC57F0AFDA}.Debug|Any CPU.Build.0 = Debug|Any CPU
		{BF964342-3058-45C9-9641-6CCC57F0AFDA}.Release|Any CPU.ActiveCfg = Release|Any CPU
		{BF964342-3058-45C9-9641-6CCC57F0AFDA}.Release|Any CPU.Build.0 = Release|Any CPU
		{768873A8-E888-4261-A6BF-D84AF7986CFB}.Debug|Any CPU.ActiveCfg = Debug|Any CPU
		{768873A8-E888-4261-A6BF-D84AF7986CFB}.Debug|Any CPU.Build.0 = Debug|Any CPU
		{768873A8-E888-4261-A6BF-D84AF7986CFB}.Release|Any CPU.ActiveCfg = Release|Any CPU
		{768873A8-E888-4261-A6BF-D84AF7986CFB}.Release|Any CPU.Build.0 = Release|Any CPU
	EndGlobalSection
	GlobalSection(SolutionProperties) = preSolution
		HideSolutionNode = FALSE
	EndGlobalSection
	GlobalSection(ExtensibilityGlobals) = postSolution
		SolutionGuid = {912DC887-E279-4B1C-91B6-E8F25E82A674}
	EndGlobalSection
EndGlobal
